
Microsoft Visual Studio Solution File, Format Version 12.00
# Visual Studio Version 17
VisualStudioVersion = 17.8.34330.188
MinimumVisualStudioVersion = 10.0.40219.1
Project("{FAE04EC0-301F-11D3-BF4B-00C04F79EFBC}") = "KodlamaIO-3", "KodlamaIO-3\KodlamaIO-3.csproj", "{DB5900DA-8596-4531-B43E-6593A8F02F24}"
EndProject
Global
	GlobalSection(SolutionConfigurationPlatforms) = preSolution
		Debug|Any CPU = Debug|Any CPU
		Release|Any CPU = Release|Any CPU
	EndGlobalSection
	GlobalSection(ProjectConfigurationPlatforms) = postSolution
		{DB5900DA-8596-4531-B43E-6593A8F02F24}.Debug|Any CPU.ActiveCfg = Debug|Any CPU
		{DB5900DA-8596-4531-B43E-6593A8F02F24}.Debug|Any CPU.Build.0 = Debug|Any CPU
		{DB5900DA-8596-4531-B43E-6593A8F02F24}.Release|Any CPU.ActiveCfg = Release|Any CPU
		{DB5900DA-8596-4531-B43E-6593A8F02F24}.Release|Any CPU.Build.0 = Release|Any CPU
	EndGlobalSection
	GlobalSection(SolutionProperties) = preSolution
		HideSolutionNode = FALSE
	EndGlobalSection
	GlobalSection(ExtensibilityGlobals) = postSolution
		SolutionGuid = {2B3DD544-EC24-49FD-92B8-79CE173EB5BD}
	EndGlobalSection
EndGlobal
